{
  "version": 4,
  "terraform_version": "1.14.0",
  "serial": 136,
  "lineage": "9b2f0df9-fe12-df31-46f2-af4fdbdfd92e",
  "outputs": {},
  "resources": [
    {
      "mode": "managed",
      "type": "vkcs_compute_instance",
      "name": "ACM-Server",
      "provider": "provider[\"registry.terraform.io/vk-cs/vkcs\"]",
      "instances": [
        {
          "schema_version": 0,
          "attributes": {
            "access_ip_v4": "192.168.0.10",
            "admin_pass": null,
            "all_metadata": {},
            "all_tags": [],
            "availability_zone": "ME1",
            "block_device": [
              {
                "boot_index": 0,
                "delete_on_termination": true,
                "destination_type": "volume",
                "device_type": "",
                "disk_bus": "",
                "guest_format": "",
                "source_type": "image",
                "uuid": "f5b9db9e-6867-42fd-8940-ff5d869a75db",
                "volume_size": 20,
                "volume_type": "ceph-ssd"
              }
            ],
            "cloud_monitoring": [],
            "config_drive": null,
            "flavor_id": "03c66e24-b386-4ceb-91f8-36e898d7fa72",
            "flavor_name": "STD3-1-2",
            "force_delete": false,
            "id": "c4983e63-cfb7-4628-acf4-118775cfa6e4",
            "image_id": "Attempt to boot from volume - no image supplied",
            "image_name": null,
            "key_pair": "",
            "metadata": null,
            "name": "ACM-Server",
            "network": [
              {
                "access_network": false,
                "fixed_ip_v4": "192.168.0.10",
                "mac": "fa:16:3e:9a:d7:fc",
                "name": "Cloud-network",
                "port": "a5156623-1c3c-4e5f-b4a1-f6f638780fbe",
                "uuid": "a6dcfe27-58ed-41ce-9397-d679da4ef011"
              }
            ],
            "network_mode": null,
            "password_data": null,
            "personality": [],
            "power_state": "active",
            "region": "RegionOne",
            "scheduler_hints": [],
            "security_group_ids": [
              "512d835e-d735-40ac-8a95-059d029d8d3a"
            ],
            "security_groups": [
              "default",
              "ssh"
            ],
            "stop_before_destroy": false,
            "tags": [],
            "timeouts": null,
            "user_data": "3056d918f246d73c8d7c3b6e178ee7d5eb3deb24",
            "vendor_options": []
          },
          "sensitive_attributes": [
            [
              {
                "type": "get_attr",
                "value": "admin_pass"
              }
            ]
          ],
          "identity_schema_version": 0,
          "private": "eyJlMmJmYjczMC1lY2FhLTExZTYtOGY4OC0zNDM2M2JjN2M0YzAiOnsiY3JlYXRlIjoxODAwMDAwMDAwMDAwLCJkZWxldGUiOjE4MDAwMDAwMDAwMDAsInVwZGF0ZSI6MTgwMDAwMDAwMDAwMH19",
          "dependencies": [
            "vkcs_networking_port.ACM-Server"
          ]
        }
      ]
    },
    {
      "mode": "managed",
      "type": "vkcs_compute_instance",
      "name": "BAR-Agent01",
      "provider": "provider[\"registry.terraform.io/vk-cs/vkcs\"]",
      "instances": [
        {
          "schema_version": 0,
          "attributes": {
            "access_ip_v4": "192.168.0.7",
            "admin_pass": null,
            "all_metadata": {},
            "all_tags": [],
            "availability_zone": "ME1",
            "block_device": [
              {
                "boot_index": 0,
                "delete_on_termination": true,
                "destination_type": "volume",
                "device_type": "",
                "disk_bus": "",
                "guest_format": "",
                "source_type": "image",
                "uuid": "f5b9db9e-6867-42fd-8940-ff5d869a75db",
                "volume_size": 10,
                "volume_type": "ceph-ssd"
              }
            ],
            "cloud_monitoring": [],
            "config_drive": null,
            "flavor_id": "94d277e1-08bd-45cd-824e-8ddaaa8325ef",
            "flavor_name": "STD3-1-1",
            "force_delete": false,
            "id": "4873e239-26c6-4f73-8fd9-09b9622b534a",
            "image_id": "Attempt to boot from volume - no image supplied",
            "image_name": null,
            "key_pair": "",
            "metadata": null,
            "name": "BAR-Agent01",
            "network": [
              {
                "access_network": false,
                "fixed_ip_v4": "192.168.0.7",
                "mac": "fa:16:3e:96:fd:01",
                "name": "Cloud-network",
                "port": "1c2c6e58-0a4c-4f34-b9bf-a2a360770332",
                "uuid": "a6dcfe27-58ed-41ce-9397-d679da4ef011"
              }
            ],
            "network_mode": null,
            "password_data": null,
            "personality": [],
            "power_state": "active",
            "region": "RegionOne",
            "scheduler_hints": [],
            "security_group_ids": [
              "512d835e-d735-40ac-8a95-059d029d8d3a"
            ],
            "security_groups": [
              "default",
              "ssh"
            ],
            "stop_before_destroy": false,
            "tags": [],
            "timeouts": null,
            "user_data": "3056d918f246d73c8d7c3b6e178ee7d5eb3deb24",
            "vendor_options": []
          },
          "sensitive_attributes": [
            [
              {
                "type": "get_attr",
                "value": "admin_pass"
              }
            ]
          ],
          "identity_schema_version": 0,
          "private": "eyJlMmJmYjczMC1lY2FhLTExZTYtOGY4OC0zNDM2M2JjN2M0YzAiOnsiY3JlYXRlIjoxODAwMDAwMDAwMDAwLCJkZWxldGUiOjE4MDAwMDAwMDAwMDAsInVwZGF0ZSI6MTgwMDAwMDAwMDAwMH19",
          "dependencies": [
            "vkcs_networking_port.BAR-Agent01"
          ]
        }
      ]
    },
    {
      "mode": "managed",
      "type": "vkcs_compute_instance",
      "name": "DB-Server",
      "provider": "provider[\"registry.terraform.io/vk-cs/vkcs\"]",
      "instances": [
        {
          "schema_version": 0,
          "attributes": {
            "access_ip_v4": "192.168.0.11",
            "admin_pass": null,
            "all_metadata": {},
            "all_tags": [],
            "availability_zone": "ME1",
            "block_device": [
              {
                "boot_index": 0,
                "delete_on_termination": true,
                "destination_type": "volume",
                "device_type": "",
                "disk_bus": "",
                "guest_format": "",
                "source_type": "image",
                "uuid": "f5b9db9e-6867-42fd-8940-ff5d869a75db",
                "volume_size": 20,
                "volume_type": "ceph-ssd"
              }
            ],
            "cloud_monitoring": [],
            "config_drive": null,
            "flavor_id": "94d277e1-08bd-45cd-824e-8ddaaa8325ef",
            "flavor_name": "STD3-1-1",
            "force_delete": false,
            "id": "e6473f80-bbbc-46c1-9bcc-57cc46f1441a",
            "image_id": "Attempt to boot from volume - no image supplied",
            "image_name": null,
            "key_pair": "",
            "metadata": null,
            "name": "DB-Server",
            "network": [
              {
                "access_network": false,
                "fixed_ip_v4": "192.168.0.11",
                "mac": "fa:16:3e:36:27:ba",
                "name": "Cloud-network",
                "port": "226d659e-e596-454e-a8b1-7085feccd351",
                "uuid": "a6dcfe27-58ed-41ce-9397-d679da4ef011"
              }
            ],
            "network_mode": null,
            "password_data": null,
            "personality": [],
            "power_state": "active",
            "region": "RegionOne",
            "scheduler_hints": [],
            "security_group_ids": [
              "512d835e-d735-40ac-8a95-059d029d8d3a"
            ],
            "security_groups": [
              "default",
              "ssh"
            ],
            "stop_before_destroy": false,
            "tags": [],
            "timeouts": null,
            "user_data": "3056d918f246d73c8d7c3b6e178ee7d5eb3deb24",
            "vendor_options": []
          },
          "sensitive_attributes": [
            [
              {
                "type": "get_attr",
                "value": "admin_pass"
              }
            ]
          ],
          "identity_schema_version": 0,
          "private": "eyJlMmJmYjczMC1lY2FhLTExZTYtOGY4OC0zNDM2M2JjN2M0YzAiOnsiY3JlYXRlIjoxODAwMDAwMDAwMDAwLCJkZWxldGUiOjE4MDAwMDAwMDAwMDAsInVwZGF0ZSI6MTgwMDAwMDAwMDAwMH19",
          "dependencies": [
            "vkcs_networking_port.DB-Server"
          ]
        }
      ]
    },
    {
      "mode": "managed",
      "type": "vkcs_compute_instance",
      "name": "game01",
      "provider": "provider[\"registry.terraform.io/vk-cs/vkcs\"]",
      "instances": [
        {
          "schema_version": 0,
          "attributes": {
            "access_ip_v4": "192.168.0.1",
            "admin_pass": null,
            "all_metadata": {},
            "all_tags": [],
            "availability_zone": "ME1",
            "block_device": [
              {
                "boot_index": 0,
                "delete_on_termination": true,
                "destination_type": "volume",
                "device_type": "",
                "disk_bus": "",
                "guest_format": "",
                "source_type": "image",
                "uuid": "f5b9db9e-6867-42fd-8940-ff5d869a75db",
                "volume_size": 30,
                "volume_type": "ceph-ssd"
              }
            ],
            "cloud_monitoring": [],
            "config_drive": null,
            "flavor_id": "94d277e1-08bd-45cd-824e-8ddaaa8325ef",
            "flavor_name": "STD3-1-1",
            "force_delete": false,
            "id": "29df5b95-d866-45f3-877c-fa93689c0149",
            "image_id": "Attempt to boot from volume - no image supplied",
            "image_name": null,
            "key_pair": "",
            "metadata": null,
            "name": "game01",
            "network": [
              {
                "access_network": false,
                "fixed_ip_v4": "192.168.0.1",
                "mac": "fa:16:3e:2e:ef:01",
                "name": "Cloud-network",
                "port": "6fba03a4-a0fa-4469-8aa9-2ed1de680c28",
                "uuid": "a6dcfe27-58ed-41ce-9397-d679da4ef011"
              }
            ],
            "network_mode": null,
            "password_data": null,
            "personality": [],
            "power_state": "active",
            "region": "RegionOne",
            "scheduler_hints": [],
            "security_group_ids": [
              "512d835e-d735-40ac-8a95-059d029d8d3a"
            ],
            "security_groups": [
              "default",
              "ssh"
            ],
            "stop_before_destroy": false,
            "tags": [],
            "timeouts": null,
            "user_data": "3056d918f246d73c8d7c3b6e178ee7d5eb3deb24",
            "vendor_options": []
          },
          "sensitive_attributes": [
            [
              {
                "type": "get_attr",
                "value": "admin_pass"
              }
            ]
          ],
          "identity_schema_version": 0,
          "private": "eyJlMmJmYjczMC1lY2FhLTExZTYtOGY4OC0zNDM2M2JjN2M0YzAiOnsiY3JlYXRlIjoxODAwMDAwMDAwMDAwLCJkZWxldGUiOjE4MDAwMDAwMDAwMDAsInVwZGF0ZSI6MTgwMDAwMDAwMDAwMH19",
          "dependencies": [
            "vkcs_networking_port.game01"
          ]
        }
      ]
    },
    {
      "mode": "managed",
      "type": "vkcs_compute_instance",
      "name": "game02",
      "provider": "provider[\"registry.terraform.io/vk-cs/vkcs\"]",
      "instances": [
        {
          "schema_version": 0,
          "attributes": {
            "access_ip_v4": "192.168.0.2",
            "admin_pass": null,
            "all_metadata": {},
            "all_tags": [],
            "availability_zone": "GZ1",
            "block_device": [
              {
                "boot_index": 0,
                "delete_on_termination": true,
                "destination_type": "volume",
                "device_type": "",
                "disk_bus": "",
                "guest_format": "",
                "source_type": "image",
                "uuid": "f5b9db9e-6867-42fd-8940-ff5d869a75db",
                "volume_size": 30,
                "volume_type": "ceph-ssd"
              }
            ],
            "cloud_monitoring": [],
            "config_drive": null,
            "flavor_id": "94d277e1-08bd-45cd-824e-8ddaaa8325ef",
            "flavor_name": "STD3-1-1",
            "force_delete": false,
            "id": "25d5706d-30b3-4196-85ad-d45f7347edc6",
            "image_id": "Attempt to boot from volume - no image supplied",
            "image_name": null,
            "key_pair": "",
            "metadata": null,
            "name": "game02",
            "network": [
              {
                "access_network": false,
                "fixed_ip_v4": "192.168.0.2",
                "mac": "fa:16:3e:41:1c:8d",
                "name": "Cloud-network",
                "port": "3b19865c-baa8-4816-acb8-b164f55fcb75",
                "uuid": "a6dcfe27-58ed-41ce-9397-d679da4ef011"
              }
            ],
            "network_mode": null,
            "password_data": null,
            "personality": [],
            "power_state": "active",
            "region": "RegionOne",
            "scheduler_hints": [],
            "security_group_ids": [
              "512d835e-d735-40ac-8a95-059d029d8d3a"
            ],
            "security_groups": [
              "default",
              "ssh"
            ],
            "stop_before_destroy": false,
            "tags": [],
            "timeouts": null,
            "user_data": "3056d918f246d73c8d7c3b6e178ee7d5eb3deb24",
            "vendor_options": []
          },
          "sensitive_attributes": [
            [
              {
                "type": "get_attr",
                "value": "admin_pass"
              }
            ]
          ],
          "identity_schema_version": 0,
          "private": "eyJlMmJmYjczMC1lY2FhLTExZTYtOGY4OC0zNDM2M2JjN2M0YzAiOnsiY3JlYXRlIjoxODAwMDAwMDAwMDAwLCJkZWxldGUiOjE4MDAwMDAwMDAwMDAsInVwZGF0ZSI6MTgwMDAwMDAwMDAwMH19",
          "dependencies": [
            "vkcs_networking_port.game02"
          ]
        }
      ]
    },
    {
      "mode": "managed",
      "type": "vkcs_compute_instance",
      "name": "game03",
      "provider": "provider[\"registry.terraform.io/vk-cs/vkcs\"]",
      "instances": [
        {
          "schema_version": 0,
          "attributes": {
            "access_ip_v4": "192.168.0.3",
            "admin_pass": null,
            "all_metadata": {},
            "all_tags": [],
            "availability_zone": "MS1",
            "block_device": [
              {
                "boot_index": 0,
                "delete_on_termination": true,
                "destination_type": "volume",
                "device_type": "",
                "disk_bus": "",
                "guest_format": "",
                "source_type": "image",
                "uuid": "f5b9db9e-6867-42fd-8940-ff5d869a75db",
                "volume_size": 30,
                "volume_type": "ceph-ssd"
              }
            ],
            "cloud_monitoring": [],
            "config_drive": null,
            "flavor_id": "94d277e1-08bd-45cd-824e-8ddaaa8325ef",
            "flavor_name": "STD3-1-1",
            "force_delete": false,
            "id": "7efa1bf4-aac3-4047-9ff2-07f084c07898",
            "image_id": "Attempt to boot from volume - no image supplied",
            "image_name": null,
            "key_pair": "",
            "metadata": null,
            "name": "game03",
            "network": [
              {
                "access_network": false,
                "fixed_ip_v4": "192.168.0.3",
                "mac": "fa:16:3e:ae:3c:47",
                "name": "Cloud-network",
                "port": "1f39c4c6-70dd-49d6-8e03-5344d74219b3",
                "uuid": "a6dcfe27-58ed-41ce-9397-d679da4ef011"
              }
            ],
            "network_mode": null,
            "password_data": null,
            "personality": [],
            "power_state": "active",
            "region": "RegionOne",
            "scheduler_hints": [],
            "security_group_ids": [
              "512d835e-d735-40ac-8a95-059d029d8d3a"
            ],
            "security_groups": [
              "default",
              "ssh"
            ],
            "stop_before_destroy": false,
            "tags": [],
            "timeouts": null,
            "user_data": "3056d918f246d73c8d7c3b6e178ee7d5eb3deb24",
            "vendor_options": []
          },
          "sensitive_attributes": [
            [
              {
                "type": "get_attr",
                "value": "admin_pass"
              }
            ]
          ],
          "identity_schema_version": 0,
          "private": "eyJlMmJmYjczMC1lY2FhLTExZTYtOGY4OC0zNDM2M2JjN2M0YzAiOnsiY3JlYXRlIjoxODAwMDAwMDAwMDAwLCJkZWxldGUiOjE4MDAwMDAwMDAwMDAsInVwZGF0ZSI6MTgwMDAwMDAwMDAwMH19",
          "dependencies": [
            "vkcs_networking_port.game03"
          ]
        }
      ]
    },
    {
      "mode": "managed",
      "type": "vkcs_compute_instance",
      "name": "haproxy01",
      "provider": "provider[\"registry.terraform.io/vk-cs/vkcs\"]",
      "instances": [
        {
          "schema_version": 0,
          "attributes": {
            "access_ip_v4": "192.168.0.4",
            "admin_pass": null,
            "all_metadata": {},
            "all_tags": [],
            "availability_zone": "ME1",
            "block_device": [
              {
                "boot_index": 0,
                "delete_on_termination": true,
                "destination_type": "volume",
                "device_type": "",
                "disk_bus": "",
                "guest_format": "",
                "source_type": "image",
                "uuid": "f5b9db9e-6867-42fd-8940-ff5d869a75db",
                "volume_size": 30,
                "volume_type": "ceph-ssd"
              }
            ],
            "cloud_monitoring": [],
            "config_drive": null,
            "flavor_id": "94d277e1-08bd-45cd-824e-8ddaaa8325ef",
            "flavor_name": "STD3-1-1",
            "force_delete": false,
            "id": "d94707e6-0d23-4373-bca5-10ee6c1940a2",
            "image_id": "Attempt to boot from volume - no image supplied",
            "image_name": null,
            "key_pair": "",
            "metadata": null,
            "name": "haproxy01",
            "network": [
              {
                "access_network": false,
                "fixed_ip_v4": "192.168.0.4",
                "mac": "fa:16:3e:cf:9b:f4",
                "name": "Cloud-network",
                "port": "66e9a8ad-542b-4da1-9b12-2848d17a6d06",
                "uuid": "a6dcfe27-58ed-41ce-9397-d679da4ef011"
              }
            ],
            "network_mode": null,
            "password_data": null,
            "personality": [],
            "power_state": "active",
            "region": "RegionOne",
            "scheduler_hints": [],
            "security_group_ids": [
              "512d835e-d735-40ac-8a95-059d029d8d3a"
            ],
            "security_groups": [
              "default",
              "ssh",
              "web"
            ],
            "stop_before_destroy": false,
            "tags": [],
            "timeouts": null,
            "user_data": "3056d918f246d73c8d7c3b6e178ee7d5eb3deb24",
            "vendor_options": []
          },
          "sensitive_attributes": [
            [
              {
                "type": "get_attr",
                "value": "admin_pass"
              }
            ]
          ],
          "identity_schema_version": 0,
          "private": "eyJlMmJmYjczMC1lY2FhLTExZTYtOGY4OC0zNDM2M2JjN2M0YzAiOnsiY3JlYXRlIjoxODAwMDAwMDAwMDAwLCJkZWxldGUiOjE4MDAwMDAwMDAwMDAsInVwZGF0ZSI6MTgwMDAwMDAwMDAwMH19",
          "dependencies": [
            "vkcs_networking_port.haproxy01"
          ]
        }
      ]
    },
    {
      "mode": "managed",
      "type": "vkcs_networking_floatingip",
      "name": "haproxy01_fip",
      "provider": "provider[\"registry.terraform.io/vk-cs/vkcs\"]",
      "instances": [
        {
          "schema_version": 0,
          "attributes": {
            "address": "83.166.239.54",
            "description": "",
            "fixed_ip": "192.168.0.4",
            "id": "3010fb84-4bf2-4517-b52e-06bad9cc7b56",
            "pool": "ext-net",
            "port_id": "66e9a8ad-542b-4da1-9b12-2848d17a6d06",
            "region": "RegionOne",
            "sdn": "sprut",
            "subnet_id": null,
            "subnet_ids": null,
            "timeouts": null,
            "value_specs": null
          },
          "sensitive_attributes": [],
          "identity_schema_version": 0,
          "private": "eyJlMmJmYjczMC1lY2FhLTExZTYtOGY4OC0zNDM2M2JjN2M0YzAiOnsiY3JlYXRlIjo2MDAwMDAwMDAwMDAsImRlbGV0ZSI6NjAwMDAwMDAwMDAwfX0=",
          "dependencies": [
            "vkcs_networking_port.haproxy01"
          ]
        }
      ]
    },
    {
      "mode": "managed",
      "type": "vkcs_networking_port",
      "name": "ACM-Server",
      "provider": "provider[\"registry.terraform.io/vk-cs/vkcs\"]",
      "instances": [
        {
          "schema_version": 0,
          "attributes": {
            "admin_state_up": true,
            "all_fixed_ips": [
              "192.168.0.10"
            ],
            "all_security_group_ids": [
              "512d835e-d735-40ac-8a95-059d029d8d3a"
            ],
            "all_tags": [],
            "allowed_address_pairs": [],
            "description": "",
            "device_id": "c4983e63-cfb7-4628-acf4-118775cfa6e4",
            "device_owner": "compute:ME1",
            "dns_assignment": [],
            "dns_name": "acm-server",
            "extra_dhcp_option": [],
            "fixed_ip": [
              {
                "ip_address": "192.168.0.10",
                "subnet_id": "725469e1-62d9-4ecf-958d-662af9f6fa49"
              }
            ],
            "full_security_groups_control": false,
            "id": "a5156623-1c3c-4e5f-b4a1-f6f638780fbe",
            "mac_address": "fa:16:3e:9a:d7:fc",
            "name": "ACM-Server",
            "network_id": "a6dcfe27-58ed-41ce-9397-d679da4ef011",
            "no_fixed_ip": null,
            "no_security_groups": null,
            "port_security_enabled": true,
            "region": "RegionOne",
            "sdn": "sprut",
            "security_group_ids": [],
            "tags": [],
            "timeouts": null,
            "value_specs": null
          },
          "sensitive_attributes": [],
          "identity_schema_version": 0,
          "private": "eyJlMmJmYjczMC1lY2FhLTExZTYtOGY4OC0zNDM2M2JjN2M0YzAiOnsiY3JlYXRlIjo2MDAwMDAwMDAwMDAsImRlbGV0ZSI6NjAwMDAwMDAwMDAwfX0="
        }
      ]
    },
    {
      "mode": "managed",
      "type": "vkcs_networking_port",
      "name": "BAR-Agent01",
      "provider": "provider[\"registry.terraform.io/vk-cs/vkcs\"]",
      "instances": [
        {
          "schema_version": 0,
          "attributes": {
            "admin_state_up": true,
            "all_fixed_ips": [
              "192.168.0.7"
            ],
            "all_security_group_ids": [
              "512d835e-d735-40ac-8a95-059d029d8d3a"
            ],
            "all_tags": [],
            "allowed_address_pairs": [],
            "description": "",
            "device_id": "4873e239-26c6-4f73-8fd9-09b9622b534a",
            "device_owner": "compute:ME1",
            "dns_assignment": [],
            "dns_name": "bar-agent01",
            "extra_dhcp_option": [],
            "fixed_ip": [
              {
                "ip_address": "192.168.0.7",
                "subnet_id": "725469e1-62d9-4ecf-958d-662af9f6fa49"
              }
            ],
            "full_security_groups_control": false,
            "id": "1c2c6e58-0a4c-4f34-b9bf-a2a360770332",
            "mac_address": "fa:16:3e:96:fd:01",
            "name": "BAR-Agent01",
            "network_id": "a6dcfe27-58ed-41ce-9397-d679da4ef011",
            "no_fixed_ip": null,
            "no_security_groups": null,
            "port_security_enabled": true,
            "region": "RegionOne",
            "sdn": "sprut",
            "security_group_ids": [],
            "tags": [],
            "timeouts": null,
            "value_specs": null
          },
          "sensitive_attributes": [],
          "identity_schema_version": 0,
          "private": "eyJlMmJmYjczMC1lY2FhLTExZTYtOGY4OC0zNDM2M2JjN2M0YzAiOnsiY3JlYXRlIjo2MDAwMDAwMDAwMDAsImRlbGV0ZSI6NjAwMDAwMDAwMDAwfX0="
        }
      ]
    },
    {
      "mode": "managed",
      "type": "vkcs_networking_port",
      "name": "DB-Server",
      "provider": "provider[\"registry.terraform.io/vk-cs/vkcs\"]",
      "instances": [
        {
          "schema_version": 0,
          "attributes": {
            "admin_state_up": true,
            "all_fixed_ips": [
              "192.168.0.11"
            ],
            "all_security_group_ids": [
              "512d835e-d735-40ac-8a95-059d029d8d3a"
            ],
            "all_tags": [],
            "allowed_address_pairs": [],
            "description": "",
            "device_id": "e6473f80-bbbc-46c1-9bcc-57cc46f1441a",
            "device_owner": "compute:ME1",
            "dns_assignment": [],
            "dns_name": "db-server",
            "extra_dhcp_option": [],
            "fixed_ip": [
              {
                "ip_address": "192.168.0.11",
                "subnet_id": "725469e1-62d9-4ecf-958d-662af9f6fa49"
              }
            ],
            "full_security_groups_control": false,
            "id": "226d659e-e596-454e-a8b1-7085feccd351",
            "mac_address": "fa:16:3e:36:27:ba",
            "name": "DB-Server",
            "network_id": "a6dcfe27-58ed-41ce-9397-d679da4ef011",
            "no_fixed_ip": null,
            "no_security_groups": null,
            "port_security_enabled": true,
            "region": "RegionOne",
            "sdn": "sprut",
            "security_group_ids": [],
            "tags": [],
            "timeouts": null,
            "value_specs": null
          },
          "sensitive_attributes": [],
          "identity_schema_version": 0,
          "private": "eyJlMmJmYjczMC1lY2FhLTExZTYtOGY4OC0zNDM2M2JjN2M0YzAiOnsiY3JlYXRlIjo2MDAwMDAwMDAwMDAsImRlbGV0ZSI6NjAwMDAwMDAwMDAwfX0="
        }
      ]
    },
    {
      "mode": "managed",
      "type": "vkcs_networking_port",
      "name": "game01",
      "provider": "provider[\"registry.terraform.io/vk-cs/vkcs\"]",
      "instances": [
        {
          "schema_version": 0,
          "attributes": {
            "admin_state_up": true,
            "all_fixed_ips": [
              "192.168.0.1"
            ],
            "all_security_group_ids": [
              "512d835e-d735-40ac-8a95-059d029d8d3a"
            ],
            "all_tags": [],
            "allowed_address_pairs": [],
            "description": "",
            "device_id": "29df5b95-d866-45f3-877c-fa93689c0149",
            "device_owner": "compute:ME1",
            "dns_assignment": [],
            "dns_name": "game01",
            "extra_dhcp_option": [],
            "fixed_ip": [
              {
                "ip_address": "192.168.0.1",
                "subnet_id": "725469e1-62d9-4ecf-958d-662af9f6fa49"
              }
            ],
            "full_security_groups_control": false,
            "id": "6fba03a4-a0fa-4469-8aa9-2ed1de680c28",
            "mac_address": "fa:16:3e:2e:ef:01",
            "name": "game01",
            "network_id": "a6dcfe27-58ed-41ce-9397-d679da4ef011",
            "no_fixed_ip": null,
            "no_security_groups": null,
            "port_security_enabled": true,
            "region": "RegionOne",
            "sdn": "sprut",
            "security_group_ids": [],
            "tags": [],
            "timeouts": null,
            "value_specs": null
          },
          "sensitive_attributes": [],
          "identity_schema_version": 0,
          "private": "eyJlMmJmYjczMC1lY2FhLTExZTYtOGY4OC0zNDM2M2JjN2M0YzAiOnsiY3JlYXRlIjo2MDAwMDAwMDAwMDAsImRlbGV0ZSI6NjAwMDAwMDAwMDAwfX0="
        }
      ]
    },
    {
      "mode": "managed",
      "type": "vkcs_networking_port",
      "name": "game02",
      "provider": "provider[\"registry.terraform.io/vk-cs/vkcs\"]",
      "instances": [
        {
          "schema_version": 0,
          "attributes": {
            "admin_state_up": true,
            "all_fixed_ips": [
              "192.168.0.2"
            ],
            "all_security_group_ids": [
              "512d835e-d735-40ac-8a95-059d029d8d3a"
            ],
            "all_tags": [],
            "allowed_address_pairs": [],
            "description": "",
            "device_id": "25d5706d-30b3-4196-85ad-d45f7347edc6",
            "device_owner": "compute:GZ1",
            "dns_assignment": [],
            "dns_name": "game02",
            "extra_dhcp_option": [],
            "fixed_ip": [
              {
                "ip_address": "192.168.0.2",
                "subnet_id": "725469e1-62d9-4ecf-958d-662af9f6fa49"
              }
            ],
            "full_security_groups_control": false,
            "id": "3b19865c-baa8-4816-acb8-b164f55fcb75",
            "mac_address": "fa:16:3e:41:1c:8d",
            "name": "game02",
            "network_id": "a6dcfe27-58ed-41ce-9397-d679da4ef011",
            "no_fixed_ip": null,
            "no_security_groups": null,
            "port_security_enabled": true,
            "region": "RegionOne",
            "sdn": "sprut",
            "security_group_ids": [],
            "tags": [],
            "timeouts": null,
            "value_specs": null
          },
          "sensitive_attributes": [],
          "identity_schema_version": 0,
          "private": "eyJlMmJmYjczMC1lY2FhLTExZTYtOGY4OC0zNDM2M2JjN2M0YzAiOnsiY3JlYXRlIjo2MDAwMDAwMDAwMDAsImRlbGV0ZSI6NjAwMDAwMDAwMDAwfX0="
        }
      ]
    },
    {
      "mode": "managed",
      "type": "vkcs_networking_port",
      "name": "game03",
      "provider": "provider[\"registry.terraform.io/vk-cs/vkcs\"]",
      "instances": [
        {
          "schema_version": 0,
          "attributes": {
            "admin_state_up": true,
            "all_fixed_ips": [
              "192.168.0.3"
            ],
            "all_security_group_ids": [
              "512d835e-d735-40ac-8a95-059d029d8d3a"
            ],
            "all_tags": [],
            "allowed_address_pairs": [],
            "description": "",
            "device_id": "7efa1bf4-aac3-4047-9ff2-07f084c07898",
            "device_owner": "compute:MS1",
            "dns_assignment": [],
            "dns_name": "game03",
            "extra_dhcp_option": [],
            "fixed_ip": [
              {
                "ip_address": "192.168.0.3",
                "subnet_id": "725469e1-62d9-4ecf-958d-662af9f6fa49"
              }
            ],
            "full_security_groups_control": false,
            "id": "1f39c4c6-70dd-49d6-8e03-5344d74219b3",
            "mac_address": "fa:16:3e:ae:3c:47",
            "name": "game03",
            "network_id": "a6dcfe27-58ed-41ce-9397-d679da4ef011",
            "no_fixed_ip": null,
            "no_security_groups": null,
            "port_security_enabled": true,
            "region": "RegionOne",
            "sdn": "sprut",
            "security_group_ids": [],
            "tags": [],
            "timeouts": null,
            "value_specs": null
          },
          "sensitive_attributes": [],
          "identity_schema_version": 0,
          "private": "eyJlMmJmYjczMC1lY2FhLTExZTYtOGY4OC0zNDM2M2JjN2M0YzAiOnsiY3JlYXRlIjo2MDAwMDAwMDAwMDAsImRlbGV0ZSI6NjAwMDAwMDAwMDAwfX0="
        }
      ]
    },
    {
      "mode": "managed",
      "type": "vkcs_networking_port",
      "name": "haproxy01",
      "provider": "provider[\"registry.terraform.io/vk-cs/vkcs\"]",
      "instances": [
        {
          "schema_version": 0,
          "attributes": {
            "admin_state_up": true,
            "all_fixed_ips": [
              "192.168.0.4"
            ],
            "all_security_group_ids": [
              "512d835e-d735-40ac-8a95-059d029d8d3a"
            ],
            "all_tags": [],
            "allowed_address_pairs": [],
            "description": "",
            "device_id": "d94707e6-0d23-4373-bca5-10ee6c1940a2",
            "device_owner": "compute:ME1",
            "dns_assignment": [],
            "dns_name": "haproxy01",
            "extra_dhcp_option": [],
            "fixed_ip": [
              {
                "ip_address": "192.168.0.4",
                "subnet_id": "725469e1-62d9-4ecf-958d-662af9f6fa49"
              }
            ],
            "full_security_groups_control": false,
            "id": "66e9a8ad-542b-4da1-9b12-2848d17a6d06",
            "mac_address": "fa:16:3e:cf:9b:f4",
            "name": "haproxy01",
            "network_id": "a6dcfe27-58ed-41ce-9397-d679da4ef011",
            "no_fixed_ip": null,
            "no_security_groups": null,
            "port_security_enabled": true,
            "region": "RegionOne",
            "sdn": "sprut",
            "security_group_ids": [],
            "tags": [],
            "timeouts": null,
            "value_specs": null
          },
          "sensitive_attributes": [],
          "identity_schema_version": 0,
          "private": "eyJlMmJmYjczMC1lY2FhLTExZTYtOGY4OC0zNDM2M2JjN2M0YzAiOnsiY3JlYXRlIjo2MDAwMDAwMDAwMDAsImRlbGV0ZSI6NjAwMDAwMDAwMDAwfX0="
        }
      ]
    }
  ],
  "check_results": null
}
